
Microsoft Visual Studio Solution File, Format Version 12.00
# Visual Studio Version 16
VisualStudioVersion = 16.0.30114.105
MinimumVisualStudioVersion = 10.0.40219.1
Project("{FAE04EC0-301F-11D3-BF4B-00C04F79EFBC}") = "Picky", "src\Picky\Picky.csproj", "{C26693DD-5BB5-436B-A3B8-2C0CA18E9870}"
EndProject
Project("{FAE04EC0-301F-11D3-BF4B-00C04F79EFBC}") = "Picky.Tests", "tests\Picky.Tests\Picky.Tests.csproj", "{A3721F3C-A0C2-42BB-81AF-2A4781926C3D}"
EndProject
Global
	GlobalSection(SolutionConfigurationPlatforms) = preSolution
		Debug|Any CPU = Debug|Any CPU
		Release|Any CPU = Release|Any CPU
	EndGlobalSection
	GlobalSection(SolutionProperties) = preSolution
		HideSolutionNode = FALSE
	EndGlobalSection
	GlobalSection(ProjectConfigurationPlatforms) = postSolution
		{C26693DD-5BB5-436B-A3B8-2C0CA18E9870}.Debug|Any CPU.ActiveCfg = Debug|Any CPU
		{C26693DD-5BB5-436B-A3B8-2C0CA18E9870}.Debug|Any CPU.Build.0 = Debug|Any CPU
		{C26693DD-5BB5-436B-A3B8-2C0CA18E9870}.Release|Any CPU.ActiveCfg = Release|Any CPU
		{C26693DD-5BB5-436B-A3B8-2C0CA18E9870}.Release|Any CPU.Build.0 = Release|Any CPU
		{A3721F3C-A0C2-42BB-81AF-2A4781926C3D}.Debug|Any CPU.ActiveCfg = Debug|Any CPU
		{A3721F3C-A0C2-42BB-81AF-2A4781926C3D}.Debug|Any CPU.Build.0 = Debug|Any CPU
		{A3721F3C-A0C2-42BB-81AF-2A4781926C3D}.Release|Any CPU.ActiveCfg = Release|Any CPU
		{A3721F3C-A0C2-42BB-81AF-2A4781926C3D}.Release|Any CPU.Build.0 = Release|Any CPU
	EndGlobalSection
EndGlobal
